<Solution>
  <Folder Name="/src/">
    <Project Path="src/DotNetRepoInspector.Core/DotNetRepoInspector.Core.csproj" />
    <Project Path="src/DotNetRepoInspector.MSBuild/DotNetRepoInspector.MSBuild.csproj" />
    <Project Path="src/DotNetRepoInspector.Git/DotNetRepoInspector.Git.csproj" />
    <Project Path="src/DotNetRepoInspector.Engine/DotNetRepoInspector.Engine.csproj" />
    <Project Path="src/DotNetRepoInspector.Persistence/DotNetRepoInspector.Persistence.csproj" />
    <Project Path="src/DotNetRepoInspector.Cli/DotNetRepoInspector.Cli.csproj" />
  </Folder>
  <Folder Name="/tests/">
    <Project Path="tests/DotNetRepoInspector.Core.Tests/DotNetRepoInspector.Core.Tests.csproj" />
    <Project Path="tests/DotNetRepoInspector.MSBuild.Tests/DotNetRepoInspector.MSBuild.Tests.csproj" />
    <Project Path="tests/DotNetRepoInspector.Git.Tests/DotNetRepoInspector.Git.Tests.csproj" />
    <Project Path="tests/DotNetRepoInspector.Engine.Tests/DotNetRepoInspector.Engine.Tests.csproj" />
    <Project Path="tests/DotNetRepoInspector.Persistence.Tests/DotNetRepoInspector.Persistence.Tests.csproj" />
    <Project Path="tests/DotNetRepoInspector.Cli.Tests/DotNetRepoInspector.Cli.Tests.csproj" />
  </Folder>
  <Folder Name="/benchmarks/">
    <Project Path="benchmarks/DotNetRepoInspector.Performance/DotNetRepoInspector.Performance.csproj" />
  </Folder>
</Solution>
